
Microsoft Visual Studio Solution File, Format Version 12.00
# Visual Studio Version 16
VisualStudioVersion = 16.0.30104.148
MinimumVisualStudioVersion = 10.0.40219.1
Project("{FAE04EC0-301F-11D3-BF4B-00C04F79EFBC}") = "PartyInvites", "..\PartyInvites\PartyInvites.csproj", "{D916E5A9-6F4D-450D-914D-F19CDFB0D923}"
EndProject
Project("{FAE04EC0-301F-11D3-BF4B-00C04F79EFBC}") = "TestingDemo", "..\TestingDemo\TestingDemo.csproj", "{6D3AF0D3-0948-4B0F-9B5F-87821A930250}"
EndProject
Global
	GlobalSection(SolutionConfigurationPlatforms) = preSolution
		Debug|Any CPU = Debug|Any CPU
		Release|Any CPU = Release|Any CPU
	EndGlobalSection
	GlobalSection(ProjectConfigurationPlatforms) = postSolution
		{D916E5A9-6F4D-450D-914D-F19CDFB0D923}.Debug|Any CPU.ActiveCfg = Debug|Any CPU
		{D916E5A9-6F4D-450D-914D-F19CDFB0D923}.Debug|Any CPU.Build.0 = Debug|Any CPU
		{D916E5A9-6F4D-450D-914D-F19CDFB0D923}.Release|Any CPU.ActiveCfg = Release|Any CPU
		{D916E5A9-6F4D-450D-914D-F19CDFB0D923}.Release|Any CPU.Build.0 = Release|Any CPU
		{6D3AF0D3-0948-4B0F-9B5F-87821A930250}.Debug|Any CPU.ActiveCfg = Debug|Any CPU
		{6D3AF0D3-0948-4B0F-9B5F-87821A930250}.Debug|Any CPU.Build.0 = Debug|Any CPU
		{6D3AF0D3-0948-4B0F-9B5F-87821A930250}.Release|Any CPU.ActiveCfg = Release|Any CPU
		{6D3AF0D3-0948-4B0F-9B5F-87821A930250}.Release|Any CPU.Build.0 = Release|Any CPU
	EndGlobalSection
	GlobalSection(SolutionProperties) = preSolution
		HideSolutionNode = FALSE
	EndGlobalSection
	GlobalSection(ExtensibilityGlobals) = postSolution
		SolutionGuid = {DC85B538-1576-47FC-B3E2-75AC9A28C459}
	EndGlobalSection
EndGlobal
